// !$*UTF8*$!
{
	archiveVersion = 1;
	classes = {
	};
	objectVersion = 56;
	objects = {

/* Begin PBXBuildFile section */
		B182245F2BCFEFB40001BDEF /* Prefix.swift in Sources */ = {isa = PBXBuildFile; fileRef = B182245E2BCFEFB40001BDEF /* Prefix.swift */; };
		B18224622BCFF64E0001BDEF /* LaunchAtLogin in Frameworks */ = {isa = PBXBuildFile; productRef = B18224612BCFF64E0001BDEF /* LaunchAtLogin */; };
		B1BB63772BCED63100309584 /* MainViewModel.swift in Sources */ = {isa = PBXBuildFile; fileRef = B1BB63762BCED63100309584 /* MainViewModel.swift */; };
		B1BB637B2BCEF08400309584 /* SimpleNotesView.swift in Sources */ = {isa = PBXBuildFile; fileRef = B1BB637A2BCEF08400309584 /* SimpleNotesView.swift */; };
		B1BB637D2BCEF4A900309584 /* NoteItem.swift in Sources */ = {isa = PBXBuildFile; fileRef = B1BB637C2BCEF4A900309584 /* NoteItem.swift */; };
		B1C03C6B2BCE728D00FEB061 /* planeteConverterApp.swift in Sources */ = {isa = PBXBuildFile; fileRef = B1C03C6A2BCE728D00FEB061 /* planeteConverterApp.swift */; };
		B1C03C6D2BCE728D00FEB061 /* ContentView.swift in Sources */ = {isa = PBXBuildFile; fileRef = B1C03C6C2BCE728D00FEB061 /* ContentView.swift */; };
		B1C03C712BCE728E00FEB061 /* Assets.xcassets in Resources */ = {isa = PBXBuildFile; fileRef = B1C03C702BCE728E00FEB061 /* Assets.xcassets */; };
		B1C03C742BCE728E00FEB061 /* Preview Assets.xcassets in Resources */ = {isa = PBXBuildFile; fileRef = B1C03C732BCE728E00FEB061 /* Preview Assets.xcassets */; };
		B1C03C7C2BCE73F000FEB061 /* ConverterView.swift in Sources */ = {isa = PBXBuildFile; fileRef = B1C03C7B2BCE73F000FEB061 /* ConverterView.swift */; };
		B1C03C7E2BCE756C00FEB061 /* MainContentView.swift in Sources */ = {isa = PBXBuildFile; fileRef = B1C03C7D2BCE756C00FEB061 /* MainContentView.swift */; };
		B1C03C802BCE77D000FEB061 /* Units.swift in Sources */ = {isa = PBXBuildFile; fileRef = B1C03C7F2BCE77D000FEB061 /* Units.swift */; };
		B1C03C822BCE77E000FEB061 /* ConversionItem.swift in Sources */ = {isa = PBXBuildFile; fileRef = B1C03C812BCE77E000FEB061 /* ConversionItem.swift */; };
		B1D40EAF2BCFB5D1007ECE0E /* CenterModifier.swift in Sources */ = {isa = PBXBuildFile; fileRef = B1D40EAE2BCFB5D1007ECE0E /* CenterModifier.swift */; };
		B1D40EB42BCFBA56007ECE0E /* LaTeXSwiftUI in Frameworks */ = {isa = PBXBuildFile; productRef = B1D40EB32BCFBA56007ECE0E /* LaTeXSwiftUI */; };
/* End PBXBuildFile section */

/* Begin PBXFileReference section */
		B182245E2BCFEFB40001BDEF /* Prefix.swift */ = {isa = PBXFileReference; lastKnownFileType = sourcecode.swift; path = Prefix.swift; sourceTree = "<group>"; };
		B1BB63762BCED63100309584 /* MainViewModel.swift */ = {isa = PBXFileReference; lastKnownFileType = sourcecode.swift; path = MainViewModel.swift; sourceTree = "<group>"; };
		B1BB637A2BCEF08400309584 /* SimpleNotesView.swift */ = {isa = PBXFileReference; lastKnownFileType = sourcecode.swift; path = SimpleNotesView.swift; sourceTree = "<group>"; };
		B1BB637C2BCEF4A900309584 /* NoteItem.swift */ = {isa = PBXFileReference; lastKnownFileType = sourcecode.swift; path = NoteItem.swift; sourceTree = "<group>"; };
		B1C03C672BCE728D00FEB061 /* planeteConverter.app */ = {isa = PBXFileReference; explicitFileType = wrapper.application; includeInIndex = 0; path = planeteConverter.app; sourceTree = BUILT_PRODUCTS_DIR; };
		B1C03C6A2BCE728D00FEB061 /* planeteConverterApp.swift */ = {isa = PBXFileReference; lastKnownFileType = sourcecode.swift; path = planeteConverterApp.swift; sourceTree = "<group>"; };
		B1C03C6C2BCE728D00FEB061 /* ContentView.swift */ = {isa = PBXFileReference; lastKnownFileType = sourcecode.swift; path = ContentView.swift; sourceTree = "<group>"; };
		B1C03C702BCE728E00FEB061 /* Assets.xcassets */ = {isa = PBXFileReference; lastKnownFileType = folder.assetcatalog; path = Assets.xcassets; sourceTree = "<group>"; };
		B1C03C732BCE728E00FEB061 /* Preview Assets.xcassets */ = {isa = PBXFileReference; lastKnownFileType = folder.assetcatalog; path = "Preview Assets.xcassets"; sourceTree = "<group>"; };
		B1C03C752BCE728E00FEB061 /* planeteConverter.entitlements */ = {isa = PBXFileReference; lastKnownFileType = text.plist.entitlements; path = planeteConverter.entitlements; sourceTree = "<group>"; };
		B1C03C7B2BCE73F000FEB061 /* ConverterView.swift */ = {isa = PBXFileReference; lastKnownFileType = sourcecode.swift; path = ConverterView.swift; sourceTree = "<group>"; };
		B1C03C7D2BCE756C00FEB061 /* MainContentView.swift */ = {isa = PBXFileReference; lastKnownFileType = sourcecode.swift; path = MainContentView.swift; sourceTree = "<group>"; };
		B1C03C7F2BCE77D000FEB061 /* Units.swift */ = {isa = PBXFileReference; lastKnownFileType = sourcecode.swift; path = Units.swift; sourceTree = "<group>"; };
		B1C03C812BCE77E000FEB061 /* ConversionItem.swift */ = {isa = PBXFileReference; lastKnownFileType = sourcecode.swift; path = ConversionItem.swift; sourceTree = "<group>"; };
		B1D40EAE2BCFB5D1007ECE0E /* CenterModifier.swift */ = {isa = PBXFileReference; lastKnownFileType = sourcecode.swift; path = CenterModifier.swift; sourceTree = "<group>"; };
/* End PBXFileReference section */

/* Begin PBXFrameworksBuildPhase section */
		B1C03C642BCE728D00FEB061 /* Frameworks */ = {
			isa = PBXFrameworksBuildPhase;
			buildActionMask = 2147483647;
			files = (
				B18224622BCFF64E0001BDEF /* LaunchAtLogin in Frameworks */,
				B1D40EB42BCFBA56007ECE0E /* LaTeXSwiftUI in Frameworks */,
			);
			runOnlyForDeploymentPostprocessing = 0;
		};
/* End PBXFrameworksBuildPhase section */

/* Begin PBXGroup section */
		B1C03C5E2BCE728D00FEB061 = {
			isa = PBXGroup;
			children = (
				B1C03C692BCE728D00FEB061 /* planeteConverter */,
				B1C03C682BCE728D00FEB061 /* Products */,
			);
			sourceTree = "<group>";
		};
		B1C03C682BCE728D00FEB061 /* Products */ = {
			isa = PBXGroup;
			children = (
				B1C03C672BCE728D00FEB061 /* planeteConverter.app */,
			);
			name = Products;
			sourceTree = "<group>";
		};
		B1C03C692BCE728D00FEB061 /* planeteConverter */ = {
			isa = PBXGroup;
			children = (
				B1C03C6A2BCE728D00FEB061 /* planeteConverterApp.swift */,
				B1C03C7D2BCE756C00FEB061 /* MainContentView.swift */,
				B1BB63762BCED63100309584 /* MainViewModel.swift */,
				B1C03C7B2BCE73F000FEB061 /* ConverterView.swift */,
				B1BB637A2BCEF08400309584 /* SimpleNotesView.swift */,
				B1C03C6C2BCE728D00FEB061 /* ContentView.swift */,
				B1C03C7F2BCE77D000FEB061 /* Units.swift */,
				B182245E2BCFEFB40001BDEF /* Prefix.swift */,
				B1D40EB12BCFB663007ECE0E /* Modifiers */,
				B1D40EB02BCFB5FD007ECE0E /* SwiftData */,
				B1C03C702BCE728E00FEB061 /* Assets.xcassets */,
				B1C03C752BCE728E00FEB061 /* planeteConverter.entitlements */,
				B1C03C722BCE728E00FEB061 /* Preview Content */,
			);
			path = planeteConverter;
			sourceTree = "<group>";
		};
		B1C03C722BCE728E00FEB061 /* Preview Content */ = {
			isa = PBXGroup;
			children = (
				B1C03C732BCE728E00FEB061 /* Preview Assets.xcassets */,
			);
			path = "Preview Content";
			sourceTree = "<group>";
		};
		B1D40EB02BCFB5FD007ECE0E /* SwiftData */ = {
			isa = PBXGroup;
			children = (
				B1C03C812BCE77E000FEB061 /* ConversionItem.swift */,
				B1BB637C2BCEF4A900309584 /* NoteItem.swift */,
			);
			path = SwiftData;
			sourceTree = "<group>";
		};
		B1D40EB12BCFB663007ECE0E /* Modifiers */ = {
			isa = PBXGroup;
			children = (
				B1D40EAE2BCFB5D1007ECE0E /* CenterModifier.swift */,
			);
			path = Modifiers;
			sourceTree = "<group>";
		};
/* End PBXGroup section */

/* Begin PBXNativeTarget section */
		B1C03C662BCE728D00FEB061 /* planeteConverter */ = {
			isa = PBXNativeTarget;
			buildConfigurationList = B1C03C782BCE728E00FEB061 /* Build configuration list for PBXNativeTarget "planeteConverter" */;
			buildPhases = (
				B1C03C632BCE728D00FEB061 /* Sources */,
				B1C03C642BCE728D00FEB061 /* Frameworks */,
				B1C03C652BCE728D00FEB061 /* Resources */,
			);
			buildRules = (
			);
			dependencies = (
			);
			name = planeteConverter;
			packageProductDependencies = (
				B1D40EB32BCFBA56007ECE0E /* LaTeXSwiftUI */,
				B18224612BCFF64E0001BDEF /* LaunchAtLogin */,
			);
			productName = planeteConverter;
			productReference = B1C03C672BCE728D00FEB061 /* planeteConverter.app */;
			productType = "com.apple.product-type.application";
		};
/* End PBXNativeTarget section */

/* Begin PBXProject section */
		B1C03C5F2BCE728D00FEB061 /* Project object */ = {
			isa = PBXProject;
			attributes = {
				BuildIndependentTargetsInParallel = 1;
				LastSwiftUpdateCheck = 1530;
				LastUpgradeCheck = 1530;
				TargetAttributes = {
					B1C03C662BCE728D00FEB061 = {
						CreatedOnToolsVersion = 15.3;
					};
				};
			};
			buildConfigurationList = B1C03C622BCE728D00FEB061 /* Build configuration list for PBXProject "planeteConverter" */;
			compatibilityVersion = "Xcode 14.0";
			developmentRegion = en;
			hasScannedForEncodings = 0;
			knownRegions = (
				en,
				Base,
			);
			mainGroup = B1C03C5E2BCE728D00FEB061;
			packageReferences = (
				B1D40EB22BCFBA56007ECE0E /* XCRemoteSwiftPackageReference "LaTeXSwiftUI" */,
				B18224602BCFF64E0001BDEF /* XCRemoteSwiftPackageReference "LaunchAtLogin-modern" */,
			);
			productRefGroup = B1C03C682BCE728D00FEB061 /* Products */;
			projectDirPath = "";
			projectRoot = "";
			targets = (
				B1C03C662BCE728D00FEB061 /* planeteConverter */,
			);
		};
/* End PBXProject section */

/* Begin PBXResourcesBuildPhase section */
		B1C03C652BCE728D00FEB061 /* Resources */ = {
			isa = PBXResourcesBuildPhase;
			buildActionMask = 2147483647;
			files = (
				B1C03C742BCE728E00FEB061 /* Preview Assets.xcassets in Resources */,
				B1C03C712BCE728E00FEB061 /* Assets.xcassets in Resources */,
			);
			runOnlyForDeploymentPostprocessing = 0;
		};
/* End PBXResourcesBuildPhase section */

/* Begin PBXSourcesBuildPhase section */
		B1C03C632BCE728D00FEB061 /* Sources */ = {
			isa = PBXSourcesBuildPhase;
			buildActionMask = 2147483647;
			files = (
				B1C03C6D2BCE728D00FEB061 /* ContentView.swift in Sources */,
				B1D40EAF2BCFB5D1007ECE0E /* CenterModifier.swift in Sources */,
				B1C03C802BCE77D000FEB061 /* Units.swift in Sources */,
				B1BB637B2BCEF08400309584 /* SimpleNotesView.swift in Sources */,
				B1C03C7C2BCE73F000FEB061 /* ConverterView.swift in Sources */,
				B1BB637D2BCEF4A900309584 /* NoteItem.swift in Sources */,
				B1C03C822BCE77E000FEB061 /* ConversionItem.swift in Sources */,
				B1C03C6B2BCE728D00FEB061 /* planeteConverterApp.swift in Sources */,
				B1C03C7E2BCE756C00FEB061 /* MainContentView.swift in Sources */,
				B182245F2BCFEFB40001BDEF /* Prefix.swift in Sources */,
				B1BB63772BCED63100309584 /* MainViewModel.swift in Sources */,
			);
			runOnlyForDeploymentPostprocessing = 0;
		};
/* End PBXSourcesBuildPhase section */

/* Begin XCBuildConfiguration section */
		B1C03C762BCE728E00FEB061 /* Debug */ = {
			isa = XCBuildConfiguration;
			buildSettings = {
				ALWAYS_SEARCH_USER_PATHS = NO;
				ASSETCATALOG_COMPILER_GENERATE_SWIFT_ASSET_SYMBOL_EXTENSIONS = YES;
				CLANG_ANALYZER_NONNULL = YES;
				CLANG_ANALYZER_NUMBER_OBJECT_CONVERSION = YES_AGGRESSIVE;
				CLANG_CXX_LANGUAGE_STANDARD = "gnu++20";
				CLANG_ENABLE_MODULES = YES;
				CLANG_ENABLE_OBJC_ARC = YES;
				CLANG_ENABLE_OBJC_WEAK = YES;
				CLANG_WARN_BLOCK_CAPTURE_AUTORELEASING = YES;
				CLANG_WARN_BOOL_CONVERSION = YES;
				CLANG_WARN_COMMA = YES;
				CLANG_WARN_CONSTANT_CONVERSION = YES;
				CLANG_WARN_DEPRECATED_OBJC_IMPLEMENTATIONS = YES;
				CLANG_WARN_DIRECT_OBJC_ISA_USAGE = YES_ERROR;
				CLANG_WARN_DOCUMENTATION_COMMENTS = YES;
				CLANG_WARN_EMPTY_BODY = YES;
				CLANG_WARN_ENUM_CONVERSION = YES;
				CLANG_WARN_INFINITE_RECURSION = YES;
				CLANG_WARN_INT_CONVERSION = YES;
				CLANG_WARN_NON_LITERAL_NULL_CONVERSION = YES;
				CLANG_WARN_OBJC_IMPLICIT_RETAIN_SELF = YES;
				CLANG_WARN_OBJC_LITERAL_CONVERSION = YES;
				CLANG_WARN_OBJC_ROOT_CLASS = YES_ERROR;
				CLANG_WARN_QUOTED_INCLUDE_IN_FRAMEWORK_HEADER = YES;
				CLANG_WARN_RANGE_LOOP_ANALYSIS = YES;
				CLANG_WARN_STRICT_PROTOTYPES = YES;
				CLANG_WARN_SUSPICIOUS_MOVE = YES;
				CLANG_WARN_UNGUARDED_AVAILABILITY = YES_AGGRESSIVE;
				CLANG_WARN_UNREACHABLE_CODE = YES;
				CLANG_WARN__DUPLICATE_METHOD_MATCH = YES;
				COPY_PHASE_STRIP = NO;
				DEBUG_INFORMATION_FORMAT = dwarf;
				ENABLE_STRICT_OBJC_MSGSEND = YES;
				ENABLE_TESTABILITY = YES;
				ENABLE_USER_SCRIPT_SANDBOXING = YES;
				GCC_C_LANGUAGE_STANDARD = gnu17;
				GCC_DYNAMIC_NO_PIC = NO;
				GCC_NO_COMMON_BLOCKS = YES;
				GCC_OPTIMIZATION_LEVEL = 0;
				GCC_PREPROCESSOR_DEFINITIONS = (
					"DEBUG=1",
					"$(inherited)",
				);
				GCC_WARN_64_TO_32_BIT_CONVERSION = YES;
				GCC_WARN_ABOUT_RETURN_TYPE = YES_ERROR;
				GCC_WARN_UNDECLARED_SELECTOR = YES;
				GCC_WARN_UNINITIALIZED_AUTOS = YES_AGGRESSIVE;
				GCC_WARN_UNUSED_FUNCTION = YES;
				GCC_WARN_UNUSED_VARIABLE = YES;
				LOCALIZATION_PREFERS_STRING_CATALOGS = YES;
				MACOSX_DEPLOYMENT_TARGET = 14.3;
				MTL_ENABLE_DEBUG_INFO = INCLUDE_SOURCE;
				MTL_FAST_MATH = YES;
				ONLY_ACTIVE_ARCH = YES;
				SDKROOT = macosx;
				SWIFT_ACTIVE_COMPILATION_CONDITIONS = "DEBUG $(inherited)";
				SWIFT_OPTIMIZATION_LEVEL = "-Onone";
			};
			name = Debug;
		};
		B1C03C772BCE728E00FEB061 /* Release */ = {
			isa = XCBuildConfiguration;
			buildSettings = {
				ALWAYS_SEARCH_USER_PATHS = NO;
				ASSETCATALOG_COMPILER_GENERATE_SWIFT_ASSET_SYMBOL_EXTENSIONS = YES;
				CLANG_ANALYZER_NONNULL = YES;
				CLANG_ANALYZER_NUMBER_OBJECT_CONVERSION = YES_AGGRESSIVE;
				CLANG_CXX_LANGUAGE_STANDARD = "gnu++20";
				CLANG_ENABLE_MODULES = YES;
				CLANG_ENABLE_OBJC_ARC = YES;
				CLANG_ENABLE_OBJC_WEAK = YES;
				CLANG_WARN_BLOCK_CAPTURE_AUTORELEASING = YES;
				CLANG_WARN_BOOL_CONVERSION = YES;
				CLANG_WARN_COMMA = YES;
				CLANG_WARN_CONSTANT_CONVERSION = YES;
				CLANG_WARN_DEPRECATED_OBJC_IMPLEMENTATIONS = YES;
				CLANG_WARN_DIRECT_OBJC_ISA_USAGE = YES_ERROR;
				CLANG_WARN_DOCUMENTATION_COMMENTS = YES;
				CLANG_WARN_EMPTY_BODY = YES;
				CLANG_WARN_ENUM_CONVERSION = YES;
				CLANG_WARN_INFINITE_RECURSION = YES;
				CLANG_WARN_INT_CONVERSION = YES;
				CLANG_WARN_NON_LITERAL_NULL_CONVERSION = YES;
				CLANG_WARN_OBJC_IMPLICIT_RETAIN_SELF = YES;
				CLANG_WARN_OBJC_LITERAL_CONVERSION = YES;
				CLANG_WARN_OBJC_ROOT_CLASS = YES_ERROR;
				CLANG_WARN_QUOTED_INCLUDE_IN_FRAMEWORK_HEADER = YES;
				CLANG_WARN_RANGE_LOOP_ANALYSIS = YES;
				CLANG_WARN_STRICT_PROTOTYPES = YES;
				CLANG_WARN_SUSPICIOUS_MOVE = YES;
				CLANG_WARN_UNGUARDED_AVAILABILITY = YES_AGGRESSIVE;
				CLANG_WARN_UNREACHABLE_CODE = YES;
				CLANG_WARN__DUPLICATE_METHOD_MATCH = YES;
				COPY_PHASE_STRIP = NO;
				DEBUG_INFORMATION_FORMAT = "dwarf-with-dsym";
				ENABLE_NS_ASSERTIONS = NO;
				ENABLE_STRICT_OBJC_MSGSEND = YES;
				ENABLE_USER_SCRIPT_SANDBOXING = YES;
				GCC_C_LANGUAGE_STANDARD = gnu17;
				GCC_NO_COMMON_BLOCKS = YES;
				GCC_WARN_64_TO_32_BIT_CONVERSION = YES;
				GCC_WARN_ABOUT_RETURN_TYPE = YES_ERROR;
				GCC_WARN_UNDECLARED_SELECTOR = YES;
				GCC_WARN_UNINITIALIZED_AUTOS = YES_AGGRESSIVE;
				GCC_WARN_UNUSED_FUNCTION = YES;
				GCC_WARN_UNUSED_VARIABLE = YES;
				LOCALIZATION_PREFERS_STRING_CATALOGS = YES;
				MACOSX_DEPLOYMENT_TARGET = 14.3;
				MTL_ENABLE_DEBUG_INFO = NO;
				MTL_FAST_MATH = YES;
				SDKROOT = macosx;
				SWIFT_COMPILATION_MODE = wholemodule;
			};
			name = Release;
		};
		B1C03C792BCE728E00FEB061 /* Debug */ = {
			isa = XCBuildConfiguration;
			buildSettings = {
				ASSETCATALOG_COMPILER_APPICON_NAME = AppIcon;
				ASSETCATALOG_COMPILER_GLOBAL_ACCENT_COLOR_NAME = AccentColor;
				CODE_SIGN_ENTITLEMENTS = planeteConverter/planeteConverter.entitlements;
				CODE_SIGN_STYLE = Automatic;
				COMBINE_HIDPI_IMAGES = YES;
				CURRENT_PROJECT_VERSION = 1;
				DEVELOPMENT_ASSET_PATHS = "\"planeteConverter/Preview Content\"";
				DEVELOPMENT_TEAM = YBV9257RX3;
				ENABLE_HARDENED_RUNTIME = YES;
				ENABLE_PREVIEWS = YES;
				GENERATE_INFOPLIST_FILE = YES;
				INFOPLIST_KEY_CFBundleDisplayName = "Planete Converter";
				INFOPLIST_KEY_LSApplicationCategoryType = "public.app-category.utilities";
				INFOPLIST_KEY_LSUIElement = YES;
				INFOPLIST_KEY_NSHumanReadableCopyright = "";
				LD_RUNPATH_SEARCH_PATHS = (
					"$(inherited)",
					"@executable_path/../Frameworks",
				);
				MACOSX_DEPLOYMENT_TARGET = 14.0;
				MARKETING_VERSION = 1.0;
				PRODUCT_BUNDLE_IDENTIFIER = benigodstone.planeteConverter;
				PRODUCT_NAME = "$(TARGET_NAME)";
				SWIFT_EMIT_LOC_STRINGS = YES;
				SWIFT_VERSION = 5.0;
			};
			name = Debug;
		};
		B1C03C7A2BCE728E00FEB061 /* Release */ = {
			isa = XCBuildConfiguration;
			buildSettings = {
				ASSETCATALOG_COMPILER_APPICON_NAME = AppIcon;
				ASSETCATALOG_COMPILER_GLOBAL_ACCENT_COLOR_NAME = AccentColor;
				CODE_SIGN_ENTITLEMENTS = planeteConverter/planeteConverter.entitlements;
				CODE_SIGN_STYLE = Automatic;
				COMBINE_HIDPI_IMAGES = YES;
				CURRENT_PROJECT_VERSION = 1;
				DEVELOPMENT_ASSET_PATHS = "\"planeteConverter/Preview Content\"";
				DEVELOPMENT_TEAM = YBV9257RX3;
				ENABLE_HARDENED_RUNTIME = YES;
				ENABLE_PREVIEWS = YES;
				GENERATE_INFOPLIST_FILE = YES;
				INFOPLIST_KEY_CFBundleDisplayName = "Planete Converter";
				INFOPLIST_KEY_LSApplicationCategoryType = "public.app-category.utilities";
				INFOPLIST_KEY_LSUIElement = YES;
				INFOPLIST_KEY_NSHumanReadableCopyright = "";
				LD_RUNPATH_SEARCH_PATHS = (
					"$(inherited)",
					"@executable_path/../Frameworks",
				);
				MACOSX_DEPLOYMENT_TARGET = 14.0;
				MARKETING_VERSION = 1.0;
				PRODUCT_BUNDLE_IDENTIFIER = benigodstone.planeteConverter;
				PRODUCT_NAME = "$(TARGET_NAME)";
				SWIFT_EMIT_LOC_STRINGS = YES;
				SWIFT_VERSION = 5.0;
			};
			name = Release;
		};
/* End XCBuildConfiguration section */

/* Begin XCConfigurationList section */
		B1C03C622BCE728D00FEB061 /* Build configuration list for PBXProject "planeteConverter" */ = {
			isa = XCConfigurationList;
			buildConfigurations = (
				B1C03C762BCE728E00FEB061 /* Debug */,
				B1C03C772BCE728E00FEB061 /* Release */,
			);
			defaultConfigurationIsVisible = 0;
			defaultConfigurationName = Release;
		};
		B1C03C782BCE728E00FEB061 /* Build configuration list for PBXNativeTarget "planeteConverter" */ = {
			isa = XCConfigurationList;
			buildConfigurations = (
				B1C03C792BCE728E00FEB061 /* Debug */,
				B1C03C7A2BCE728E00FEB061 /* Release */,
			);
			defaultConfigurationIsVisible = 0;
			defaultConfigurationName = Release;
		};
/* End XCConfigurationList section */

/* Begin XCRemoteSwiftPackageReference section */
		B18224602BCFF64E0001BDEF /* XCRemoteSwiftPackageReference "LaunchAtLogin-modern" */ = {
			isa = XCRemoteSwiftPackageReference;
			repositoryURL = "https://github.com/sindresorhus/LaunchAtLogin-modern";
			requirement = {
				kind = upToNextMajorVersion;
				minimumVersion = 1.1.0;
			};
		};
		B1D40EB22BCFBA56007ECE0E /* XCRemoteSwiftPackageReference "LaTeXSwiftUI" */ = {
			isa = XCRemoteSwiftPackageReference;
			repositoryURL = "https://github.com/colinc86/LaTeXSwiftUI";
			requirement = {
				kind = upToNextMajorVersion;
				minimumVersion = 1.3.2;
			};
		};
/* End XCRemoteSwiftPackageReference section */

/* Begin XCSwiftPackageProductDependency section */
		B18224612BCFF64E0001BDEF /* LaunchAtLogin */ = {
			isa = XCSwiftPackageProductDependency;
			package = B18224602BCFF64E0001BDEF /* XCRemoteSwiftPackageReference "LaunchAtLogin-modern" */;
			productName = LaunchAtLogin;
		};
		B1D40EB32BCFBA56007ECE0E /* LaTeXSwiftUI */ = {
			isa = XCSwiftPackageProductDependency;
			package = B1D40EB22BCFBA56007ECE0E /* XCRemoteSwiftPackageReference "LaTeXSwiftUI" */;
			productName = LaTeXSwiftUI;
		};
/* End XCSwiftPackageProductDependency section */
	};
	rootObject = B1C03C5F2BCE728D00FEB061 /* Project object */;
}
